
Microsoft Visual Studio Solution File, Format Version 12.00
# Visual Studio Version 16
VisualStudioVersion = 16.0.35130.168
MinimumVisualStudioVersion = 10.0.40219.1
Project("{FAE04EC0-301F-11D3-BF4B-00C04F79EFBC}") = "EmployeePayRollManagementSystem", "EmployeePayRollManagementSystem.csproj", "{4DEE8750-8E11-4B7B-A3E4-EE96AD27494B}"
EndProject
Global
	GlobalSection(SolutionConfigurationPlatforms) = preSolution
		Debug|Any CPU = Debug|Any CPU
		Release|Any CPU = Release|Any CPU
	EndGlobalSection
	GlobalSection(ProjectConfigurationPlatforms) = postSolution
		{4DEE8750-8E11-4B7B-A3E4-EE96AD27494B}.Debug|Any CPU.ActiveCfg = Debug|Any CPU
		{4DEE8750-8E11-4B7B-A3E4-EE96AD27494B}.Debug|Any CPU.Build.0 = Debug|Any CPU
		{4DEE8750-8E11-4B7B-A3E4-EE96AD27494B}.Release|Any CPU.ActiveCfg = Release|Any CPU
		{4DEE8750-8E11-4B7B-A3E4-EE96AD27494B}.Release|Any CPU.Build.0 = Release|Any CPU
	EndGlobalSection
	GlobalSection(SolutionProperties) = preSolution
		HideSolutionNode = FALSE
	EndGlobalSection
	GlobalSection(ExtensibilityGlobals) = postSolution
		SolutionGuid = {31EA373C-CCC0-42A6-91C6-0BC609F37B39}
	EndGlobalSection
EndGlobal
